
Microsoft Visual Studio Solution File, Format Version 12.00
# Visual Studio Version 16
VisualStudioVersion = 16.0.30114.105
MinimumVisualStudioVersion = 10.0.40219.1
Project("{FAE04EC0-301F-11D3-BF4B-00C04F79EFBC}") = "BepInEx_Extensions", "BepInEx_Extensions\BepInEx_Extensions.csproj", "{AB385F7E-40BE-445F-81EC-945E72AC038E}"
EndProject
Global
	GlobalSection(SolutionConfigurationPlatforms) = preSolution
		Debug|Any CPU = Debug|Any CPU
		Release|Any CPU = Release|Any CPU
	EndGlobalSection
	GlobalSection(ProjectConfigurationPlatforms) = postSolution
		{AB385F7E-40BE-445F-81EC-945E72AC038E}.Debug|Any CPU.ActiveCfg = Debug|Any CPU
		{AB385F7E-40BE-445F-81EC-945E72AC038E}.Debug|Any CPU.Build.0 = Debug|Any CPU
		{AB385F7E-40BE-445F-81EC-945E72AC038E}.Release|Any CPU.ActiveCfg = Release|Any CPU
		{AB385F7E-40BE-445F-81EC-945E72AC038E}.Release|Any CPU.Build.0 = Release|Any CPU
	EndGlobalSection
	GlobalSection(SolutionProperties) = preSolution
		HideSolutionNode = FALSE
	EndGlobalSection
	GlobalSection(ExtensibilityGlobals) = postSolution
		SolutionGuid = {78BE3051-5A49-4DB3-A3B6-FA45863FFBF1}
	EndGlobalSection
EndGlobal
